// !$*UTF8*$!
{
	archiveVersion = 1;
	classes = {
	};
	objectVersion = 46;
	objects = {

/* Begin PBXBuildFile section */
		C9E569CE1EE2F66E00029AAB /* main.m in Sources */ = {isa = PBXBuildFile; fileRef = C9E569CD1EE2F66E00029AAB /* main.m */; };
		C9E569D11EE2F66E00029AAB /* AppDelegate.m in Sources */ = {isa = PBXBuildFile; fileRef = C9E569D01EE2F66E00029AAB /* AppDelegate.m */; };
		C9E569D41EE2F66E00029AAB /* ViewController.m in Sources */ = {isa = PBXBuildFile; fileRef = C9E569D31EE2F66E00029AAB /* ViewController.m */; };
		C9E569D71EE2F66E00029AAB /* Main.storyboard in Resources */ = {isa = PBXBuildFile; fileRef = C9E569D51EE2F66E00029AAB /* Main.storyboard */; };
		C9E569D91EE2F66E00029AAB /* Assets.xcassets in Resources */ = {isa = PBXBuildFile; fileRef = C9E569D81EE2F66E00029AAB /* Assets.xcassets */; };
		C9E569DC1EE2F66E00029AAB /* LaunchScreen.storyboard in Resources */ = {isa = PBXBuildFile; fileRef = C9E569DA1EE2F66E00029AAB /* LaunchScreen.storyboard */; };
		C9E569E61EE2F69A00029AAB /* FHClassInfo.m in Sources */ = {isa = PBXBuildFile; fileRef = C9E569E51EE2F69A00029AAB /* FHClassInfo.m */; };
		C9E569E91EE2FAFA00029AAB /* Test.m in Sources */ = {isa = PBXBuildFile; fileRef = C9E569E81EE2FAFA00029AAB /* Test.m */; };
/* End PBXBuildFile section */

/* Begin PBXFileReference section */
		C9E569C91EE2F66E00029AAB /* FHClassInfoDemo.app */ = {isa = PBXFileReference; explicitFileType = wrapper.application; includeInIndex = 0; path = FHClassInfoDemo.app; sourceTree = BUILT_PRODUCTS_DIR; };
		C9E569CD1EE2F66E00029AAB /* main.m */ = {isa = PBXFileReference; lastKnownFileType = sourcecode.c.objc; path = main.m; sourceTree = "<group>"; };
		C9E569CF1EE2F66E00029AAB /* AppDelegate.h */ = {isa = PBXFileReference; lastKnownFileType = sourcecode.c.h; path = AppDelegate.h; sourceTree = "<group>"; };
		C9E569D01EE2F66E00029AAB /* AppDelegate.m */ = {isa = PBXFileReference; lastKnownFileType = sourcecode.c.objc; path = AppDelegate.m; sourceTree = "<group>"; };
		C9E569D21EE2F66E00029AAB /* ViewController.h */ = {isa = PBXFileReference; lastKnownFileType = sourcecode.c.h; path = ViewController.h; sourceTree = "<group>"; };
		C9E569D31EE2F66E00029AAB /* ViewController.m */ = {isa = PBXFileReference; lastKnownFileType = sourcecode.c.objc; path = ViewController.m; sourceTree = "<group>"; };
		C9E569D61EE2F66E00029AAB /* Base */ = {isa = PBXFileReference; lastKnownFileType = file.storyboard; name = Base; path = Base.lproj/Main.storyboard; sourceTree = "<group>"; };
		C9E569D81EE2F66E00029AAB /* Assets.xcassets */ = {isa = PBXFileReference; lastKnownFileType = folder.assetcatalog; path = Assets.xcassets; sourceTree = "<group>"; };
		C9E569DB1EE2F66E00029AAB /* Base */ = {isa = PBXFileReference; lastKnownFileType = file.storyboard; name = Base; path = Base.lproj/LaunchScreen.storyboard; sourceTree = "<group>"; };
		C9E569DD1EE2F66E00029AAB /* Info.plist */ = {isa = PBXFileReference; lastKnownFileType = text.plist.xml; path = Info.plist; sourceTree = "<group>"; };
		C9E569E41EE2F69A00029AAB /* FHClassInfo.h */ = {isa = PBXFileReference; fileEncoding = 4; lastKnownFileType = sourcecode.c.h; path = FHClassInfo.h; sourceTree = "<group>"; };
		C9E569E51EE2F69A00029AAB /* FHClassInfo.m */ = {isa = PBXFileReference; fileEncoding = 4; lastKnownFileType = sourcecode.c.objc; path = FHClassInfo.m; sourceTree = "<group>"; };
		C9E569E71EE2FAFA00029AAB /* Test.h */ = {isa = PBXFileReference; fileEncoding = 4; lastKnownFileType = sourcecode.c.h; path = Test.h; sourceTree = "<group>"; };
		C9E569E81EE2FAFA00029AAB /* Test.m */ = {isa = PBXFileReference; fileEncoding = 4; lastKnownFileType = sourcecode.c.objc; path = Test.m; sourceTree = "<group>"; };
/* End PBXFileReference section */

/* Begin PBXFrameworksBuildPhase section */
		C9E569C61EE2F66E00029AAB /* Frameworks */ = {
			isa = PBXFrameworksBuildPhase;
			buildActionMask = 2147483647;
			files = (
			);
			runOnlyForDeploymentPostprocessing = 0;
		};
/* End PBXFrameworksBuildPhase section */

/* Begin PBXGroup section */
		C9E569C01EE2F66E00029AAB = {
			isa = PBXGroup;
			children = (
				C9E569E31EE2F68600029AAB /* FHClassInfo */,
				C9E569CB1EE2F66E00029AAB /* FHClassInfoDemo */,
				C9E569CA1EE2F66E00029AAB /* Products */,
			);
			sourceTree = "<group>";
		};
		C9E569CA1EE2F66E00029AAB /* Products */ = {
			isa = PBXGroup;
			children = (
				C9E569C91EE2F66E00029AAB /* FHClassInfoDemo.app */,
			);
			name = Products;
			sourceTree = "<group>";
		};
		C9E569CB1EE2F66E00029AAB /* FHClassInfoDemo */ = {
			isa = PBXGroup;
			children = (
				C9E569CF1EE2F66E00029AAB /* AppDelegate.h */,
				C9E569D01EE2F66E00029AAB /* AppDelegate.m */,
				C9E569D21EE2F66E00029AAB /* ViewController.h */,
				C9E569D31EE2F66E00029AAB /* ViewController.m */,
				C9E569E71EE2FAFA00029AAB /* Test.h */,
				C9E569E81EE2FAFA00029AAB /* Test.m */,
				C9E569D51EE2F66E00029AAB /* Main.storyboard */,
				C9E569D81EE2F66E00029AAB /* Assets.xcassets */,
				C9E569DA1EE2F66E00029AAB /* LaunchScreen.storyboard */,
				C9E569DD1EE2F66E00029AAB /* Info.plist */,
				C9E569CC1EE2F66E00029AAB /* Supporting Files */,
			);
			path = FHClassInfoDemo;
			sourceTree = "<group>";
		};
		C9E569CC1EE2F66E00029AAB /* Supporting Files */ = {
			isa = PBXGroup;
			children = (
				C9E569CD1EE2F66E00029AAB /* main.m */,
			);
			name = "Supporting Files";
			sourceTree = "<group>";
		};
		C9E569E31EE2F68600029AAB /* FHClassInfo */ = {
			isa = PBXGroup;
			children = (
				C9E569E41EE2F69A00029AAB /* FHClassInfo.h */,
				C9E569E51EE2F69A00029AAB /* FHClassInfo.m */,
			);
			path = FHClassInfo;
			sourceTree = "<group>";
		};
/* End PBXGroup section */

/* Begin PBXNativeTarget section */
		C9E569C81EE2F66E00029AAB /* FHClassInfoDemo */ = {
			isa = PBXNativeTarget;
			buildConfigurationList = C9E569E01EE2F66E00029AAB /* Build configuration list for PBXNativeTarget "FHClassInfoDemo" */;
			buildPhases = (
				C9E569C51EE2F66E00029AAB /* Sources */,
				C9E569C61EE2F66E00029AAB /* Frameworks */,
				C9E569C71EE2F66E00029AAB /* Resources */,
			);
			buildRules = (
			);
			dependencies = (
			);
			name = FHClassInfoDemo;
			productName = FHClassInfoDemo;
			productReference = C9E569C91EE2F66E00029AAB /* FHClassInfoDemo.app */;
			productType = "com.apple.product-type.application";
		};
/* End PBXNativeTarget section */

/* Begin PBXProject section */
		C9E569C11EE2F66E00029AAB /* Project object */ = {
			isa = PBXProject;
			attributes = {
				LastUpgradeCheck = 0820;
				ORGANIZATIONNAME = GodL;
				TargetAttributes = {
					C9E569C81EE2F66E00029AAB = {
						CreatedOnToolsVersion = 8.2.1;
						DevelopmentTeam = DHF573YC2L;
						ProvisioningStyle = Automatic;
					};
				};
			};
			buildConfigurationList = C9E569C41EE2F66E00029AAB /* Build configuration list for PBXProject "FHClassInfoDemo" */;
			compatibilityVersion = "Xcode 3.2";
			developmentRegion = English;
			hasScannedForEncodings = 0;
			knownRegions = (
				en,
				Base,
			);
			mainGroup = C9E569C01EE2F66E00029AAB;
			productRefGroup = C9E569CA1EE2F66E00029AAB /* Products */;
			projectDirPath = "";
			projectRoot = "";
			targets = (
				C9E569C81EE2F66E00029AAB /* FHClassInfoDemo */,
			);
		};
/* End PBXProject section */

/* Begin PBXResourcesBuildPhase section */
		C9E569C71EE2F66E00029AAB /* Resources */ = {
			isa = PBXResourcesBuildPhase;
			buildActionMask = 2147483647;
			files = (
				C9E569DC1EE2F66E00029AAB /* LaunchScreen.storyboard in Resources */,
				C9E569D91EE2F66E00029AAB /* Assets.xcassets in Resources */,
				C9E569D71EE2F66E00029AAB /* Main.storyboard in Resources */,
			);
			runOnlyForDeploymentPostprocessing = 0;
		};
/* End PBXResourcesBuildPhase section */

/* Begin PBXSourcesBuildPhase section */
		C9E569C51EE2F66E00029AAB /* Sources */ = {
			isa = PBXSourcesBuildPhase;
			buildActionMask = 2147483647;
			files = (
				C9E569E91EE2FAFA00029AAB /* Test.m in Sources */,
				C9E569E61EE2F69A00029AAB /* FHClassInfo.m in Sources */,
				C9E569D41EE2F66E00029AAB /* ViewController.m in Sources */,
				C9E569D11EE2F66E00029AAB /* AppDelegate.m in Sources */,
				C9E569CE1EE2F66E00029AAB /* main.m in Sources */,
			);
			runOnlyForDeploymentPostprocessing = 0;
		};
/* End PBXSourcesBuildPhase section */

/* Begin PBXVariantGroup section */
		C9E569D51EE2F66E00029AAB /* Main.storyboard */ = {
			isa = PBXVariantGroup;
			children = (
				C9E569D61EE2F66E00029AAB /* Base */,
			);
			name = Main.storyboard;
			sourceTree = "<group>";
		};
		C9E569DA1EE2F66E00029AAB /* LaunchScreen.storyboard */ = {
			isa = PBXVariantGroup;
			children = (
				C9E569DB1EE2F66E00029AAB /* Base */,
			);
			name = LaunchScreen.storyboard;
			sourceTree = "<group>";
		};
/* End PBXVariantGroup section */

/* Begin XCBuildConfiguration section */
		C9E569DE1EE2F66E00029AAB /* Debug */ = {
			isa = XCBuildConfiguration;
			buildSettings = {
				ALWAYS_SEARCH_USER_PATHS = NO;
				CLANG_ANALYZER_NONNULL = YES;
				CLANG_CXX_LANGUAGE_STANDARD = "gnu++0x";
				CLANG_CXX_LIBRARY = "libc++";
				CLANG_ENABLE_MODULES = YES;
				CLANG_ENABLE_OBJC_ARC = YES;
				CLANG_WARN_BOOL_CONVERSION = YES;
				CLANG_WARN_CONSTANT_CONVERSION = YES;
				CLANG_WARN_DIRECT_OBJC_ISA_USAGE = YES_ERROR;
				CLANG_WARN_DOCUMENTATION_COMMENTS = YES;
				CLANG_WARN_EMPTY_BODY = YES;
				CLANG_WARN_ENUM_CONVERSION = YES;
				CLANG_WARN_INFINITE_RECURSION = YES;
				CLANG_WARN_INT_CONVERSION = YES;
				CLANG_WARN_OBJC_ROOT_CLASS = YES_ERROR;
				CLANG_WARN_SUSPICIOUS_MOVE = YES;
				CLANG_WARN_UNREACHABLE_CODE = YES;
				CLANG_WARN__DUPLICATE_METHOD_MATCH = YES;
				"CODE_SIGN_IDENTITY[sdk=iphoneos*]" = "iPhone Developer";
				COPY_PHASE_STRIP = NO;
				DEBUG_INFORMATION_FORMAT = dwarf;
				ENABLE_STRICT_OBJC_MSGSEND = YES;
				ENABLE_TESTABILITY = YES;
				GCC_C_LANGUAGE_STANDARD = gnu99;
				GCC_DYNAMIC_NO_PIC = NO;
				GCC_NO_COMMON_BLOCKS = YES;
				GCC_OPTIMIZATION_LEVEL = 0;
				GCC_PREPROCESSOR_DEFINITIONS = (
					"DEBUG=1",
					"$(inherited)",
				);
				GCC_WARN_64_TO_32_BIT_CONVERSION = YES;
				GCC_WARN_ABOUT_RETURN_TYPE = YES_ERROR;
				GCC_WARN_UNDECLARED_SELECTOR = YES;
				GCC_WARN_UNINITIALIZED_AUTOS = YES_AGGRESSIVE;
				GCC_WARN_UNUSED_FUNCTION = YES;
				GCC_WARN_UNUSED_VARIABLE = YES;
				IPHONEOS_DEPLOYMENT_TARGET = 10.2;
				MTL_ENABLE_DEBUG_INFO = YES;
				ONLY_ACTIVE_ARCH = YES;
				SDKROOT = iphoneos;
				TARGETED_DEVICE_FAMILY = "1,2";
			};
			name = Debug;
		};
		C9E569DF1EE2F66E00029AAB /* Release */ = {
			isa = XCBuildConfiguration;
			buildSettings = {
				ALWAYS_SEARCH_USER_PATHS = NO;
				CLANG_ANALYZER_NONNULL = YES;
				CLANG_CXX_LANGUAGE_STANDARD = "gnu++0x";
				CLANG_CXX_LIBRARY = "libc++";
				CLANG_ENABLE_MODULES = YES;
				CLANG_ENABLE_OBJC_ARC = YES;
				CLANG_WARN_BOOL_CONVERSION = YES;
				CLANG_WARN_CONSTANT_CONVERSION = YES;
				CLANG_WARN_DIRECT_OBJC_ISA_USAGE = YES_ERROR;
				CLANG_WARN_DOCUMENTATION_COMMENTS = YES;
				CLANG_WARN_EMPTY_BODY = YES;
				CLANG_WARN_ENUM_CONVERSION = YES;
				CLANG_WARN_INFINITE_RECURSION = YES;
				CLANG_WARN_INT_CONVERSION = YES;
				CLANG_WARN_OBJC_ROOT_CLASS = YES_ERROR;
				CLANG_WARN_SUSPICIOUS_MOVE = YES;
				CLANG_WARN_UNREACHABLE_CODE = YES;
				CLANG_WARN__DUPLICATE_METHOD_MATCH = YES;
				"CODE_SIGN_IDENTITY[sdk=iphoneos*]" = "iPhone Developer";
				COPY_PHASE_STRIP = NO;
				DEBUG_INFORMATION_FORMAT = "dwarf-with-dsym";
				ENABLE_NS_ASSERTIONS = NO;
				ENABLE_STRICT_OBJC_MSGSEND = YES;
				GCC_C_LANGUAGE_STANDARD = gnu99;
				GCC_NO_COMMON_BLOCKS = YES;
				GCC_WARN_64_TO_32_BIT_CONVERSION = YES;
				GCC_WARN_ABOUT_RETURN_TYPE = YES_ERROR;
				GCC_WARN_UNDECLARED_SELECTOR = YES;
				GCC_WARN_UNINITIALIZED_AUTOS = YES_AGGRESSIVE;
				GCC_WARN_UNUSED_FUNCTION = YES;
				GCC_WARN_UNUSED_VARIABLE = YES;
				IPHONEOS_DEPLOYMENT_TARGET = 10.2;
				MTL_ENABLE_DEBUG_INFO = NO;
				SDKROOT = iphoneos;
				TARGETED_DEVICE_FAMILY = "1,2";
				VALIDATE_PRODUCT = YES;
			};
			name = Release;
		};
		C9E569E11EE2F66E00029AAB /* Debug */ = {
			isa = XCBuildConfiguration;
			buildSettings = {
				ASSETCATALOG_COMPILER_APPICON_NAME = AppIcon;
				DEVELOPMENT_TEAM = DHF573YC2L;
				INFOPLIST_FILE = FHClassInfoDemo/Info.plist;
				LD_RUNPATH_SEARCH_PATHS = "$(inherited) @executable_path/Frameworks";
				PRODUCT_BUNDLE_IDENTIFIER = com.GodL.FHClassInfoDemo;
				PRODUCT_NAME = "$(TARGET_NAME)";
			};
			name = Debug;
		};
		C9E569E21EE2F66E00029AAB /* Release */ = {
			isa = XCBuildConfiguration;
			buildSettings = {
				ASSETCATALOG_COMPILER_APPICON_NAME = AppIcon;
				DEVELOPMENT_TEAM = DHF573YC2L;
				INFOPLIST_FILE = FHClassInfoDemo/Info.plist;
				LD_RUNPATH_SEARCH_PATHS = "$(inherited) @executable_path/Frameworks";
				PRODUCT_BUNDLE_IDENTIFIER = com.GodL.FHClassInfoDemo;
				PRODUCT_NAME = "$(TARGET_NAME)";
			};
			name = Release;
		};
/* End XCBuildConfiguration section */

/* Begin XCConfigurationList section */
		C9E569C41EE2F66E00029AAB /* Build configuration list for PBXProject "FHClassInfoDemo" */ = {
			isa = XCConfigurationList;
			buildConfigurations = (
				C9E569DE1EE2F66E00029AAB /* Debug */,
				C9E569DF1EE2F66E00029AAB /* Release */,
			);
			defaultConfigurationIsVisible = 0;
			defaultConfigurationName = Release;
		};
		C9E569E01EE2F66E00029AAB /* Build configuration list for PBXNativeTarget "FHClassInfoDemo" */ = {
			isa = XCConfigurationList;
			buildConfigurations = (
				C9E569E11EE2F66E00029AAB /* Debug */,
				C9E569E21EE2F66E00029AAB /* Release */,
			);
			defaultConfigurationIsVisible = 0;
		};
/* End XCConfigurationList section */
	};
	rootObject = C9E569C11EE2F66E00029AAB /* Project object */;
}
